
Microsoft Visual Studio Solution File, Format Version 12.00
# Visual Studio Version 16
VisualStudioVersion = 16.0.30114.105
MinimumVisualStudioVersion = 10.0.40219.1
Project("{2150E333-8FDC-42A3-9474-1A3956D46DE8}") = "src", "src", "{5E4801DC-CA5E-4B92-800D-64E9816A7F00}"
EndProject
Project("{FAE04EC0-301F-11D3-BF4B-00C04F79EFBC}") = "Application", "src\Application\Application.csproj", "{224F357D-525C-47C9-8163-421DBA1EBB3A}"
EndProject
Project("{FAE04EC0-301F-11D3-BF4B-00C04F79EFBC}") = "Domain", "src\Domain\Domain.csproj", "{42539214-438C-4D6C-A5B8-A78C02CFFF61}"
EndProject
Project("{FAE04EC0-301F-11D3-BF4B-00C04F79EFBC}") = "Infrastructure", "src\Infrastructure\Infrastructure.csproj", "{542251D6-586D-4E63-A43E-FEA3E1F6E094}"
EndProject
Project("{FAE04EC0-301F-11D3-BF4B-00C04F79EFBC}") = "Infrastructure.Share", "src\Infrastructure.Share\Infrastructure.Share.csproj", "{8D72CFEF-514A-4EFF-9E63-90D36FAB8A12}"
EndProject
Project("{FAE04EC0-301F-11D3-BF4B-00C04F79EFBC}") = "Share", "src\Share\Share.csproj", "{DCF56602-8003-4C8C-BC6C-9D2C4AA6C472}"
EndProject
Project("{FAE04EC0-301F-11D3-BF4B-00C04F79EFBC}") = "WebApi", "src\WebApi\WebApi.csproj", "{5F9BE7C3-851E-419F-8864-F8E397610F27}"
EndProject
Project("{FAE04EC0-301F-11D3-BF4B-00C04F79EFBC}") = "WebApp", "src\WebApp\WebApp.csproj", "{3FA4E8F9-923A-49E3-BCBF-7D8488D461A6}"
EndProject
Global
	GlobalSection(SolutionConfigurationPlatforms) = preSolution
		Debug|Any CPU = Debug|Any CPU
		Release|Any CPU = Release|Any CPU
	EndGlobalSection
	GlobalSection(SolutionProperties) = preSolution
		HideSolutionNode = FALSE
	EndGlobalSection
	GlobalSection(ProjectConfigurationPlatforms) = postSolution
		{224F357D-525C-47C9-8163-421DBA1EBB3A}.Debug|Any CPU.ActiveCfg = Debug|Any CPU
		{224F357D-525C-47C9-8163-421DBA1EBB3A}.Debug|Any CPU.Build.0 = Debug|Any CPU
		{224F357D-525C-47C9-8163-421DBA1EBB3A}.Release|Any CPU.ActiveCfg = Release|Any CPU
		{224F357D-525C-47C9-8163-421DBA1EBB3A}.Release|Any CPU.Build.0 = Release|Any CPU
		{42539214-438C-4D6C-A5B8-A78C02CFFF61}.Debug|Any CPU.ActiveCfg = Debug|Any CPU
		{42539214-438C-4D6C-A5B8-A78C02CFFF61}.Debug|Any CPU.Build.0 = Debug|Any CPU
		{42539214-438C-4D6C-A5B8-A78C02CFFF61}.Release|Any CPU.ActiveCfg = Release|Any CPU
		{42539214-438C-4D6C-A5B8-A78C02CFFF61}.Release|Any CPU.Build.0 = Release|Any CPU
		{542251D6-586D-4E63-A43E-FEA3E1F6E094}.Debug|Any CPU.ActiveCfg = Debug|Any CPU
		{542251D6-586D-4E63-A43E-FEA3E1F6E094}.Debug|Any CPU.Build.0 = Debug|Any CPU
		{542251D6-586D-4E63-A43E-FEA3E1F6E094}.Release|Any CPU.ActiveCfg = Release|Any CPU
		{542251D6-586D-4E63-A43E-FEA3E1F6E094}.Release|Any CPU.Build.0 = Release|Any CPU
		{8D72CFEF-514A-4EFF-9E63-90D36FAB8A12}.Debug|Any CPU.ActiveCfg = Debug|Any CPU
		{8D72CFEF-514A-4EFF-9E63-90D36FAB8A12}.Debug|Any CPU.Build.0 = Debug|Any CPU
		{8D72CFEF-514A-4EFF-9E63-90D36FAB8A12}.Release|Any CPU.ActiveCfg = Release|Any CPU
		{8D72CFEF-514A-4EFF-9E63-90D36FAB8A12}.Release|Any CPU.Build.0 = Release|Any CPU
		{DCF56602-8003-4C8C-BC6C-9D2C4AA6C472}.Debug|Any CPU.ActiveCfg = Debug|Any CPU
		{DCF56602-8003-4C8C-BC6C-9D2C4AA6C472}.Debug|Any CPU.Build.0 = Debug|Any CPU
		{DCF56602-8003-4C8C-BC6C-9D2C4AA6C472}.Release|Any CPU.ActiveCfg = Release|Any CPU
		{DCF56602-8003-4C8C-BC6C-9D2C4AA6C472}.Release|Any CPU.Build.0 = Release|Any CPU
		{5F9BE7C3-851E-419F-8864-F8E397610F27}.Debug|Any CPU.ActiveCfg = Debug|Any CPU
		{5F9BE7C3-851E-419F-8864-F8E397610F27}.Debug|Any CPU.Build.0 = Debug|Any CPU
		{5F9BE7C3-851E-419F-8864-F8E397610F27}.Release|Any CPU.ActiveCfg = Release|Any CPU
		{5F9BE7C3-851E-419F-8864-F8E397610F27}.Release|Any CPU.Build.0 = Release|Any CPU
		{3FA4E8F9-923A-49E3-BCBF-7D8488D461A6}.Debug|Any CPU.ActiveCfg = Debug|Any CPU
		{3FA4E8F9-923A-49E3-BCBF-7D8488D461A6}.Debug|Any CPU.Build.0 = Debug|Any CPU
		{3FA4E8F9-923A-49E3-BCBF-7D8488D461A6}.Release|Any CPU.ActiveCfg = Release|Any CPU
		{3FA4E8F9-923A-49E3-BCBF-7D8488D461A6}.Release|Any CPU.Build.0 = Release|Any CPU
	EndGlobalSection
	GlobalSection(NestedProjects) = preSolution
		{224F357D-525C-47C9-8163-421DBA1EBB3A} = {5E4801DC-CA5E-4B92-800D-64E9816A7F00}
		{42539214-438C-4D6C-A5B8-A78C02CFFF61} = {5E4801DC-CA5E-4B92-800D-64E9816A7F00}
		{542251D6-586D-4E63-A43E-FEA3E1F6E094} = {5E4801DC-CA5E-4B92-800D-64E9816A7F00}
		{8D72CFEF-514A-4EFF-9E63-90D36FAB8A12} = {5E4801DC-CA5E-4B92-800D-64E9816A7F00}
		{DCF56602-8003-4C8C-BC6C-9D2C4AA6C472} = {5E4801DC-CA5E-4B92-800D-64E9816A7F00}
		{5F9BE7C3-851E-419F-8864-F8E397610F27} = {5E4801DC-CA5E-4B92-800D-64E9816A7F00}
		{3FA4E8F9-923A-49E3-BCBF-7D8488D461A6} = {5E4801DC-CA5E-4B92-800D-64E9816A7F00}
	EndGlobalSection
EndGlobal
