
Microsoft Visual Studio Solution File, Format Version 12.00
# Visual Studio Version 17
VisualStudioVersion = 17.0.32014.148
MinimumVisualStudioVersion = 10.0.40219.1
Project("{2150E333-8FDC-42A3-9474-1A3956D46DE8}") = "src", "src", "{5E4801DC-CA5E-4B92-800D-64E9816A7F00}"
EndProject
Project("{9A19103F-16F7-4668-BE54-9A1E7A4F7556}") = "Application", "src\Application\Application.csproj", "{224F357D-525C-47C9-8163-421DBA1EBB3A}"
EndProject
Project("{9A19103F-16F7-4668-BE54-9A1E7A4F7556}") = "Domain", "src\Domain\Domain.csproj", "{42539214-438C-4D6C-A5B8-A78C02CFFF61}"
EndProject
Project("{9A19103F-16F7-4668-BE54-9A1E7A4F7556}") = "Infrastructure", "src\Infrastructure\Infrastructure.csproj", "{542251D6-586D-4E63-A43E-FEA3E1F6E094}"
EndProject
Project("{9A19103F-16F7-4668-BE54-9A1E7A4F7556}") = "Infrastructure.Share", "src\Infrastructure.Share\Infrastructure.Share.csproj", "{8D72CFEF-514A-4EFF-9E63-90D36FAB8A12}"
EndProject
Project("{9A19103F-16F7-4668-BE54-9A1E7A4F7556}") = "Share", "src\Share\Share.csproj", "{DCF56602-8003-4C8C-BC6C-9D2C4AA6C472}"
EndProject
Project("{9A19103F-16F7-4668-BE54-9A1E7A4F7556}") = "WebApi", "src\WebApi\WebApi.csproj", "{5F9BE7C3-851E-419F-8864-F8E397610F27}"
EndProject
Project("{9A19103F-16F7-4668-BE54-9A1E7A4F7556}") = "WebApp", "src\WebApp\WebApp.csproj", "{3FA4E8F9-923A-49E3-BCBF-7D8488D461A6}"
EndProject
Project("{2150E333-8FDC-42A3-9474-1A3956D46DE8}") = "Presentation", "Presentation", "{F77038AE-E1B5-4DC2-B539-1D3CC4C443E0}"
EndProject
Project("{2150E333-8FDC-42A3-9474-1A3956D46DE8}") = "Core", "Core", "{49C9A7A6-4922-479B-B1DE-7CB55B97E729}"
EndProject
Project("{2150E333-8FDC-42A3-9474-1A3956D46DE8}") = "Infrastructures", "Infrastructures", "{19449EA8-90B9-4A89-A568-E966B9454F85}"
EndProject
Global
	GlobalSection(SolutionConfigurationPlatforms) = preSolution
		Debug|Any CPU = Debug|Any CPU
		Release|Any CPU = Release|Any CPU
	EndGlobalSection
	GlobalSection(ProjectConfigurationPlatforms) = postSolution
		{224F357D-525C-47C9-8163-421DBA1EBB3A}.Debug|Any CPU.ActiveCfg = Debug|Any CPU
		{224F357D-525C-47C9-8163-421DBA1EBB3A}.Debug|Any CPU.Build.0 = Debug|Any CPU
		{224F357D-525C-47C9-8163-421DBA1EBB3A}.Release|Any CPU.ActiveCfg = Release|Any CPU
		{224F357D-525C-47C9-8163-421DBA1EBB3A}.Release|Any CPU.Build.0 = Release|Any CPU
		{42539214-438C-4D6C-A5B8-A78C02CFFF61}.Debug|Any CPU.ActiveCfg = Debug|Any CPU
		{42539214-438C-4D6C-A5B8-A78C02CFFF61}.Debug|Any CPU.Build.0 = Debug|Any CPU
		{42539214-438C-4D6C-A5B8-A78C02CFFF61}.Release|Any CPU.ActiveCfg = Release|Any CPU
		{42539214-438C-4D6C-A5B8-A78C02CFFF61}.Release|Any CPU.Build.0 = Release|Any CPU
		{542251D6-586D-4E63-A43E-FEA3E1F6E094}.Debug|Any CPU.ActiveCfg = Debug|Any CPU
		{542251D6-586D-4E63-A43E-FEA3E1F6E094}.Debug|Any CPU.Build.0 = Debug|Any CPU
		{542251D6-586D-4E63-A43E-FEA3E1F6E094}.Release|Any CPU.ActiveCfg = Release|Any CPU
		{542251D6-586D-4E63-A43E-FEA3E1F6E094}.Release|Any CPU.Build.0 = Release|Any CPU
		{8D72CFEF-514A-4EFF-9E63-90D36FAB8A12}.Debug|Any CPU.ActiveCfg = Debug|Any CPU
		{8D72CFEF-514A-4EFF-9E63-90D36FAB8A12}.Debug|Any CPU.Build.0 = Debug|Any CPU
		{8D72CFEF-514A-4EFF-9E63-90D36FAB8A12}.Release|Any CPU.ActiveCfg = Release|Any CPU
		{8D72CFEF-514A-4EFF-9E63-90D36FAB8A12}.Release|Any CPU.Build.0 = Release|Any CPU
		{DCF56602-8003-4C8C-BC6C-9D2C4AA6C472}.Debug|Any CPU.ActiveCfg = Debug|Any CPU
		{DCF56602-8003-4C8C-BC6C-9D2C4AA6C472}.Debug|Any CPU.Build.0 = Debug|Any CPU
		{DCF56602-8003-4C8C-BC6C-9D2C4AA6C472}.Release|Any CPU.ActiveCfg = Release|Any CPU
		{DCF56602-8003-4C8C-BC6C-9D2C4AA6C472}.Release|Any CPU.Build.0 = Release|Any CPU
		{5F9BE7C3-851E-419F-8864-F8E397610F27}.Debug|Any CPU.ActiveCfg = Debug|Any CPU
		{5F9BE7C3-851E-419F-8864-F8E397610F27}.Debug|Any CPU.Build.0 = Debug|Any CPU
		{5F9BE7C3-851E-419F-8864-F8E397610F27}.Release|Any CPU.ActiveCfg = Release|Any CPU
		{5F9BE7C3-851E-419F-8864-F8E397610F27}.Release|Any CPU.Build.0 = Release|Any CPU
		{3FA4E8F9-923A-49E3-BCBF-7D8488D461A6}.Debug|Any CPU.ActiveCfg = Debug|Any CPU
		{3FA4E8F9-923A-49E3-BCBF-7D8488D461A6}.Debug|Any CPU.Build.0 = Debug|Any CPU
		{3FA4E8F9-923A-49E3-BCBF-7D8488D461A6}.Release|Any CPU.ActiveCfg = Release|Any CPU
		{3FA4E8F9-923A-49E3-BCBF-7D8488D461A6}.Release|Any CPU.Build.0 = Release|Any CPU
	EndGlobalSection
	GlobalSection(SolutionProperties) = preSolution
		HideSolutionNode = FALSE
	EndGlobalSection
	GlobalSection(NestedProjects) = preSolution
		{224F357D-525C-47C9-8163-421DBA1EBB3A} = {49C9A7A6-4922-479B-B1DE-7CB55B97E729}
		{42539214-438C-4D6C-A5B8-A78C02CFFF61} = {49C9A7A6-4922-479B-B1DE-7CB55B97E729}
		{542251D6-586D-4E63-A43E-FEA3E1F6E094} = {19449EA8-90B9-4A89-A568-E966B9454F85}
		{8D72CFEF-514A-4EFF-9E63-90D36FAB8A12} = {19449EA8-90B9-4A89-A568-E966B9454F85}
		{DCF56602-8003-4C8C-BC6C-9D2C4AA6C472} = {5E4801DC-CA5E-4B92-800D-64E9816A7F00}
		{5F9BE7C3-851E-419F-8864-F8E397610F27} = {F77038AE-E1B5-4DC2-B539-1D3CC4C443E0}
		{3FA4E8F9-923A-49E3-BCBF-7D8488D461A6} = {F77038AE-E1B5-4DC2-B539-1D3CC4C443E0}
		{F77038AE-E1B5-4DC2-B539-1D3CC4C443E0} = {5E4801DC-CA5E-4B92-800D-64E9816A7F00}
		{49C9A7A6-4922-479B-B1DE-7CB55B97E729} = {5E4801DC-CA5E-4B92-800D-64E9816A7F00}
		{19449EA8-90B9-4A89-A568-E966B9454F85} = {5E4801DC-CA5E-4B92-800D-64E9816A7F00}
	EndGlobalSection
	GlobalSection(ExtensibilityGlobals) = postSolution
		SolutionGuid = {A25EE302-CC6D-4FC0-983D-227365AD55E4}
	EndGlobalSection
EndGlobal
